
Microsoft Visual Studio Solution File, Format Version 12.00
# Visual Studio Version 16
VisualStudioVersion = 16.0.29613.14
MinimumVisualStudioVersion = 10.0.40219.1
Project("{FAE04EC0-301F-11D3-BF4B-00C04F79EFBC}") = "PhotoGallery.WEB", "PhotoGallery.WEB\PhotoGallery.WEB.csproj", "{7DD2A79B-997C-4EDB-8163-3AFAAA8F92C1}"
EndProject
Project("{FAE04EC0-301F-11D3-BF4B-00C04F79EFBC}") = "PhotoGallery.BLL", "PhotoGallery.BLL\PhotoGallery.BLL.csproj", "{BA5527F2-BB8C-4ED2-806A-CA6260152CA2}"
EndProject
Project("{FAE04EC0-301F-11D3-BF4B-00C04F79EFBC}") = "PhotoGallery.DAL", "PhotoGallery.DAL\PhotoGallery.DAL.csproj", "{9C1506EB-18ED-41FA-AB44-EE65EA8A073F}"
EndProject
Global
	GlobalSection(SolutionConfigurationPlatforms) = preSolution
		Debug|Any CPU = Debug|Any CPU
		Release|Any CPU = Release|Any CPU
	EndGlobalSection
	GlobalSection(ProjectConfigurationPlatforms) = postSolution
		{7DD2A79B-997C-4EDB-8163-3AFAAA8F92C1}.Debug|Any CPU.ActiveCfg = Debug|Any CPU
		{7DD2A79B-997C-4EDB-8163-3AFAAA8F92C1}.Debug|Any CPU.Build.0 = Debug|Any CPU
		{7DD2A79B-997C-4EDB-8163-3AFAAA8F92C1}.Release|Any CPU.ActiveCfg = Release|Any CPU
		{7DD2A79B-997C-4EDB-8163-3AFAAA8F92C1}.Release|Any CPU.Build.0 = Release|Any CPU
		{BA5527F2-BB8C-4ED2-806A-CA6260152CA2}.Debug|Any CPU.ActiveCfg = Debug|Any CPU
		{BA5527F2-BB8C-4ED2-806A-CA6260152CA2}.Debug|Any CPU.Build.0 = Debug|Any CPU
		{BA5527F2-BB8C-4ED2-806A-CA6260152CA2}.Release|Any CPU.ActiveCfg = Release|Any CPU
		{BA5527F2-BB8C-4ED2-806A-CA6260152CA2}.Release|Any CPU.Build.0 = Release|Any CPU
		{9C1506EB-18ED-41FA-AB44-EE65EA8A073F}.Debug|Any CPU.ActiveCfg = Debug|Any CPU
		{9C1506EB-18ED-41FA-AB44-EE65EA8A073F}.Debug|Any CPU.Build.0 = Debug|Any CPU
		{9C1506EB-18ED-41FA-AB44-EE65EA8A073F}.Release|Any CPU.ActiveCfg = Release|Any CPU
		{9C1506EB-18ED-41FA-AB44-EE65EA8A073F}.Release|Any CPU.Build.0 = Release|Any CPU
	EndGlobalSection
	GlobalSection(SolutionProperties) = preSolution
		HideSolutionNode = FALSE
	EndGlobalSection
	GlobalSection(ExtensibilityGlobals) = postSolution
		SolutionGuid = {5DAEFFCD-97CF-46BD-92BC-7D53A5E06EE7}
	EndGlobalSection
EndGlobal
